<?xml version="1.0" encoding="utf-8"?>
<Project ToolsVersion="4.0" xmlns="http://schemas.microsoft.com/developer/msbuild/2003">
  <ItemGroup>
    <Filter Include="Source Files">
      <UniqueIdentifier>{4FC737F1-C7A5-4376-A066-2A32D752A2FF}</UniqueIdentifier>
      <Extensions>cpp;c;cc;cxx;def;odl;idl;hpj;bat;asm;asmx</Extensions>
    </Filter>
    <Filter Include="Header Files">
      <UniqueIdentifier>{93995380-89BD-4b04-88EB-625FBE52EBFB}</UniqueIdentifier>
      <Extensions>h;hh;hpp;hxx;hm;inl;inc;xsd</Extensions>
    </Filter>
    <Filter Include="Resource Files">
      <UniqueIdentifier>{67DA6AB6-F800-4c08-8B7A-83BB121AAD01}</UniqueIdentifier>
      <Extensions>rc;ico;cur;bmp;dlg;rc2;rct;bin;rgs;gif;jpg;jpeg;jpe;resx;tiff;tif;png;wav;mfcribbon-ms</Extensions>
    </Filter>
    <Filter Include="Source Files\Core">
      <UniqueIdentifier>{630e812b-539d-4778-8cf2-be12cdd45989}</UniqueIdentifier>
    </Filter>
    <Filter Include="Header Files\Core">
      <UniqueIdentifier>{a439a433-9a76-4b37-b9b5-d25f4faad5d2}</UniqueIdentifier>
    </Filter>
    <Filter Include="Header Files\Core\Systems">
      <UniqueIdentifier>{52cc19c4-54a0-4b5b-8d3d-546cd56b13e5}</UniqueIdentifier>
    </Filter>
    <Filter Include="Source Files\Core\Systems">
      <UniqueIdentifier>{5df1799f-5cfa-484e-a172-edeabfcc23b0}</UniqueIdentifier>
    </Filter>
    <Filter Include="Shader">
      <UniqueIdentifier>{8b17002d-3de3-496c-820c-5046a00feade}</UniqueIdentifier>
    </Filter>
    <Filter Include="Source Files\Message">
      <UniqueIdentifier>{6d91f470-3769-4855-8773-5e7373d67d91}</UniqueIdentifier>
    </Filter>
    <Filter Include="Header Files\Message">
      <UniqueIdentifier>{99fd3e99-6ddf-4c8e-a158-b0dfc7bdb9c7}</UniqueIdentifier>
    </Filter>
    <Filter Include="Header Files\Util">
      <UniqueIdentifier>{90c253dc-1d07-4527-997a-4da4b54e940d}</UniqueIdentifier>
    </Filter>
    <Filter Include="Source Files\Util">
      <UniqueIdentifier>{05da174e-fc04-4110-8016-1e21ec2633c6}</UniqueIdentifier>
    </Filter>
    <Filter Include="Header Files\Model">
      <UniqueIdentifier>{06f09e1d-cb1f-4bc0-8c74-945f20a44427}</UniqueIdentifier>
    </Filter>
    <Filter Include="Source Files\Model">
      <UniqueIdentifier>{8b548d5c-c94e-481e-a95f-88862d3644bf}</UniqueIdentifier>
    </Filter>
    <Filter Include="Source Files\Shader">
      <UniqueIdentifier>{c518e3fc-2e0d-4735-b9fb-a3b1f71e8442}</UniqueIdentifier>
    </Filter>
    <Filter Include="Header Files\Shader">
      <UniqueIdentifier>{dbbef170-a1fa-497f-b924-e1667012b0a3}</UniqueIdentifier>
    </Filter>
  </ItemGroup>
  <ItemGroup>
    <Text Include="ReadMe.txt" />
  </ItemGroup>
  <ItemGroup>
    <ClInclude Include="MSG.h">
      <Filter>Header Files\Message</Filter>
    </ClInclude>
    <ClInclude Include="MSGSubject.h">
      <Filter>Header Files\Message</Filter>
    </ClInclude>
    <ClInclude Include="targetver.h">
      <Filter>Header Files\Core</Filter>
    </ClInclude>
    <ClInclude Include="Application.h">
      <Filter>Header Files\Core</Filter>
    </ClInclude>
    <ClInclude Include="stdafx.h">
      <Filter>Header Files\Core</Filter>
    </ClInclude>
    <ClInclude Include="System.h">
      <Filter>Header Files\Core</Filter>
    </ClInclude>
    <ClInclude Include="IMSGObserver.h">
      <Filter>Header Files\Message</Filter>
    </ClInclude>
    <ClInclude Include="Display.h">
      <Filter>Header Files\Core\Systems</Filter>
    </ClInclude>
    <ClInclude Include="FileLoader.h">
      <Filter>Header Files\Util</Filter>
    </ClInclude>
    <ClInclude Include="ShaderLoader.h">
      <Filter>Header Files\Util</Filter>
    </ClInclude>
    <ClInclude Include="GLMVector.h">
      <Filter>Header Files\Util</Filter>
    </ClInclude>
    <ClInclude Include="RawModel.h">
      <Filter>Header Files\Model</Filter>
    </ClInclude>
    <ClInclude Include="Model.h">
      <Filter>Header Files\Model</Filter>
    </ClInclude>
    <ClInclude Include="Shader.h">
      <Filter>Header Files\Shader</Filter>
    </ClInclude>
    <ClInclude Include="SimpleShader.h">
      <Filter>Header Files\Shader</Filter>
    </ClInclude>
  </ItemGroup>
  <ItemGroup>
    <ClCompile Include="MSG.cpp">
      <Filter>Source Files\Message</Filter>
    </ClCompile>
    <ClCompile Include="stdafx.cpp">
      <Filter>Source Files\Core</Filter>
    </ClCompile>
    <ClCompile Include="Application.cpp">
      <Filter>Source Files\Core</Filter>
    </ClCompile>
    <ClCompile Include="System.cpp">
      <Filter>Source Files\Core</Filter>
    </ClCompile>
    <ClCompile Include="Meinkraft.cpp">
      <Filter>Source Files\Core</Filter>
    </ClCompile>
    <ClCompile Include="MSGSubject.cpp">
      <Filter>Source Files\Message</Filter>
    </ClCompile>
    <ClCompile Include="ListHelper.h">
      <Filter>Header Files\Util</Filter>
    </ClCompile>
    <ClCompile Include="Display.cpp">
      <Filter>Source Files\Core\Systems</Filter>
    </ClCompile>
    <ClCompile Include="FileLoader.cpp">
      <Filter>Source Files\Util</Filter>
    </ClCompile>
    <ClCompile Include="ShaderLoader.cpp">
      <Filter>Source Files\Util</Filter>
    </ClCompile>
    <ClCompile Include="RawModel.cpp">
      <Filter>Source Files\Model</Filter>
    </ClCompile>
    <ClCompile Include="Model.cpp">
      <Filter>Source Files\Model</Filter>
    </ClCompile>
    <ClCompile Include="Shader.cpp">
      <Filter>Source Files\Shader</Filter>
    </ClCompile>
    <ClCompile Include="SimpleShader.cpp">
      <Filter>Source Files\Shader</Filter>
    </ClCompile>
  </ItemGroup>
</Project>